lockfileVersion: '9.0'

settings:
  autoInstallPeers: true
  excludeLinksFromLockfile: false

importers:

  .:
    dependencies:
      '@duckdb/duckdb-wasm':
        specifier: 1.32.0
        version: 1.32.0
      '@duckdb/node-api':
        specifier: 1.4.3-r.3
        version: 1.4.3-r.3
    devDependencies:
      gh-pages:
        specifier: ^6.3.0
        version: 6.3.0
      vite:
        specifier: ^7.3.1
        version: 7.3.1(@types/node@20.19.30)
      vite-plugin-moonbit:
        specifier: ^0.1.3
        version: 0.1.3(vite@7.3.1(@types/node@20.19.30))

packages:

  '@duckdb/duckdb-wasm@1.32.0':
    resolution: {integrity: sha512-IewXTNYEjsZCPE9weUWgtjGxUlMRo7qhX0GF6tq/KjK8bnY+RAl4cyUdYUfcdzbyb4b9ZxPC+FOsCcxgaKFWMg==}

  '@duckdb/node-api@1.4.3-r.3':
    resolution: {integrity: sha512-lPHpmYRMoFJkTCZmp76sETTNPly7lT3eJfV69vqsZE3wur+OY9VW/BflMQ41mP1vSucGqw4rY6XCSmMACE7bwQ==}

  '@duckdb/node-bindings-darwin-arm64@1.4.3-r.3':
    resolution: {integrity: sha512-iyVZbanRsZKSoK1BHqC61+PExyFUjJ7Ftz+BVN6xsWvB3tfkBBwEcZ5K/cCkHuCqmT7IcUwwDoc89Naz7Tze/A==}
    cpu: [arm64]
    os: [darwin]

  '@duckdb/node-bindings-darwin-x64@1.4.3-r.3':
    resolution: {integrity: sha512-exWYLzYLlKqsTp92iBR8SEcaMJpOWbUjaTmNN48TYCjDzLXPW2r4G2xhbFA67KuxnBJcrGvwNOOFcBje2AhfHg==}
    cpu: [x64]
    os: [darwin]

  '@duckdb/node-bindings-linux-arm64@1.4.3-r.3':
    resolution: {integrity: sha512-Jx3SS6Hy2l3TuHUZ9iJ/b2ZnajfFV7AB1TMEh2gE1mmytoVkqjiMvVRj7487u4pxEANj9ELYXspdspC4/wyOaA==}
    cpu: [arm64]
    os: [linux]

  '@duckdb/node-bindings-linux-x64@1.4.3-r.3':
    resolution: {integrity: sha512-1ISlvsyQheiJlr8tdtVJ0cfCsjBB2leQZL82KJHFKx4Q5gj4yWRYi4tfaPup9zk5rY0xXSuVuhBxKPkTX1UZqg==}
    cpu: [x64]
    os: [linux]

  '@duckdb/node-bindings-win32-x64@1.4.3-r.3':
    resolution: {integrity: sha512-DQBGxcIZ6yatHrcxIevejKsyj1cobu6BwXU17YuxCSA/BxdfEl7QnhBzwEpDJUDj6gUbLbBqsEvwY+K/NWAwEg==}
    cpu: [x64]
    os: [win32]

  '@duckdb/node-bindings@1.4.3-r.3':
    resolution: {integrity: sha512-QrkUgZw4Xwn5lNbvUHXcF3F5OvVexf9uQyJnxrLTzs9P93Be0UB+b4hr1EZwf1OMMocchN9iG1R839aVIfSJBg==}

  '@esbuild/aix-ppc64@0.27.2':
    resolution: {integrity: sha512-GZMB+a0mOMZs4MpDbj8RJp4cw+w1WV5NYD6xzgvzUJ5Ek2jerwfO2eADyI6ExDSUED+1X8aMbegahsJi+8mgpw==}
    engines: {node: '>=18'}
    cpu: [ppc64]
    os: [aix]

  '@esbuild/android-arm64@0.27.2':
    resolution: {integrity: sha512-pvz8ZZ7ot/RBphf8fv60ljmaoydPU12VuXHImtAs0XhLLw+EXBi2BLe3OYSBslR4rryHvweW5gmkKFwTiFy6KA==}
    engines: {node: '>=18'}
    cpu: [arm64]
    os: [android]

  '@esbuild/android-arm@0.27.2':
    resolution: {integrity: sha512-DVNI8jlPa7Ujbr1yjU2PfUSRtAUZPG9I1RwW4F4xFB1Imiu2on0ADiI/c3td+KmDtVKNbi+nffGDQMfcIMkwIA==}
    engines: {node: '>=18'}
    cpu: [arm]
    os: [android]

  '@esbuild/android-x64@0.27.2':
    resolution: {integrity: sha512-z8Ank4Byh4TJJOh4wpz8g2vDy75zFL0TlZlkUkEwYXuPSgX8yzep596n6mT7905kA9uHZsf/o2OJZubl2l3M7A==}
    engines: {node: '>=18'}
    cpu: [x64]
    os: [android]

  '@esbuild/darwin-arm64@0.27.2':
    resolution: {integrity: sha512-davCD2Zc80nzDVRwXTcQP/28fiJbcOwvdolL0sOiOsbwBa72kegmVU0Wrh1MYrbuCL98Omp5dVhQFWRKR2ZAlg==}
    engines: {node: '>=18'}
    cpu: [arm64]
    os: [darwin]

  '@esbuild/darwin-x64@0.27.2':
    resolution: {integrity: sha512-ZxtijOmlQCBWGwbVmwOF/UCzuGIbUkqB1faQRf5akQmxRJ1ujusWsb3CVfk/9iZKr2L5SMU5wPBi1UWbvL+VQA==}
    engines: {node: '>=18'}
    cpu: [x64]
    os: [darwin]

  '@esbuild/freebsd-arm64@0.27.2':
    resolution: {integrity: sha512-lS/9CN+rgqQ9czogxlMcBMGd+l8Q3Nj1MFQwBZJyoEKI50XGxwuzznYdwcav6lpOGv5BqaZXqvBSiB/kJ5op+g==}
    engines: {node: '>=18'}
    cpu: [arm64]
    os: [freebsd]

  '@esbuild/freebsd-x64@0.27.2':
    resolution: {integrity: sha512-tAfqtNYb4YgPnJlEFu4c212HYjQWSO/w/h/lQaBK7RbwGIkBOuNKQI9tqWzx7Wtp7bTPaGC6MJvWI608P3wXYA==}
    engines: {node: '>=18'}
    cpu: [x64]
    os: [freebsd]

  '@esbuild/linux-arm64@0.27.2':
    resolution: {integrity: sha512-hYxN8pr66NsCCiRFkHUAsxylNOcAQaxSSkHMMjcpx0si13t1LHFphxJZUiGwojB1a/Hd5OiPIqDdXONia6bhTw==}
    engines: {node: '>=18'}
    cpu: [arm64]
    os: [linux]

  '@esbuild/linux-arm@0.27.2':
    resolution: {integrity: sha512-vWfq4GaIMP9AIe4yj1ZUW18RDhx6EPQKjwe7n8BbIecFtCQG4CfHGaHuh7fdfq+y3LIA2vGS/o9ZBGVxIDi9hw==}
    engines: {node: '>=18'}
    cpu: [arm]
    os: [linux]

  '@esbuild/linux-ia32@0.27.2':
    resolution: {integrity: sha512-MJt5BRRSScPDwG2hLelYhAAKh9imjHK5+NE/tvnRLbIqUWa+0E9N4WNMjmp/kXXPHZGqPLxggwVhz7QP8CTR8w==}
    engines: {node: '>=18'}
    cpu: [ia32]
    os: [linux]

  '@esbuild/linux-loong64@0.27.2':
    resolution: {integrity: sha512-lugyF1atnAT463aO6KPshVCJK5NgRnU4yb3FUumyVz+cGvZbontBgzeGFO1nF+dPueHD367a2ZXe1NtUkAjOtg==}
    engines: {node: '>=18'}
    cpu: [loong64]
    os: [linux]

  '@esbuild/linux-mips64el@0.27.2':
    resolution: {integrity: sha512-nlP2I6ArEBewvJ2gjrrkESEZkB5mIoaTswuqNFRv/WYd+ATtUpe9Y09RnJvgvdag7he0OWgEZWhviS1OTOKixw==}
    engines: {node: '>=18'}
    cpu: [mips64el]
    os: [linux]

  '@esbuild/linux-ppc64@0.27.2':
    resolution: {integrity: sha512-C92gnpey7tUQONqg1n6dKVbx3vphKtTHJaNG2Ok9lGwbZil6DrfyecMsp9CrmXGQJmZ7iiVXvvZH6Ml5hL6XdQ==}
    engines: {node: '>=18'}
    cpu: [ppc64]
    os: [linux]

  '@esbuild/linux-riscv64@0.27.2':
    resolution: {integrity: sha512-B5BOmojNtUyN8AXlK0QJyvjEZkWwy/FKvakkTDCziX95AowLZKR6aCDhG7LeF7uMCXEJqwa8Bejz5LTPYm8AvA==}
    engines: {node: '>=18'}
    cpu: [riscv64]
    os: [linux]

  '@esbuild/linux-s390x@0.27.2':
    resolution: {integrity: sha512-p4bm9+wsPwup5Z8f4EpfN63qNagQ47Ua2znaqGH6bqLlmJ4bx97Y9JdqxgGZ6Y8xVTixUnEkoKSHcpRlDnNr5w==}
    engines: {node: '>=18'}
    cpu: [s390x]
    os: [linux]

  '@esbuild/linux-x64@0.27.2':
    resolution: {integrity: sha512-uwp2Tip5aPmH+NRUwTcfLb+W32WXjpFejTIOWZFw/v7/KnpCDKG66u4DLcurQpiYTiYwQ9B7KOeMJvLCu/OvbA==}
    engines: {node: '>=18'}
    cpu: [x64]
    os: [linux]

  '@esbuild/netbsd-arm64@0.27.2':
    resolution: {integrity: sha512-Kj6DiBlwXrPsCRDeRvGAUb/LNrBASrfqAIok+xB0LxK8CHqxZ037viF13ugfsIpePH93mX7xfJp97cyDuTZ3cw==}
    engines: {node: '>=18'}
    cpu: [arm64]
    os: [netbsd]

  '@esbuild/netbsd-x64@0.27.2':
    resolution: {integrity: sha512-HwGDZ0VLVBY3Y+Nw0JexZy9o/nUAWq9MlV7cahpaXKW6TOzfVno3y3/M8Ga8u8Yr7GldLOov27xiCnqRZf0tCA==}
    engines: {node: '>=18'}
    cpu: [x64]
    os: [netbsd]

  '@esbuild/openbsd-arm64@0.27.2':
    resolution: {integrity: sha512-DNIHH2BPQ5551A7oSHD0CKbwIA/Ox7+78/AWkbS5QoRzaqlev2uFayfSxq68EkonB+IKjiuxBFoV8ESJy8bOHA==}
    engines: {node: '>=18'}
    cpu: [arm64]
    os: [openbsd]

  '@esbuild/openbsd-x64@0.27.2':
    resolution: {integrity: sha512-/it7w9Nb7+0KFIzjalNJVR5bOzA9Vay+yIPLVHfIQYG/j+j9VTH84aNB8ExGKPU4AzfaEvN9/V4HV+F+vo8OEg==}
    engines: {node: '>=18'}
    cpu: [x64]
    os: [openbsd]

  '@esbuild/openharmony-arm64@0.27.2':
    resolution: {integrity: sha512-LRBbCmiU51IXfeXk59csuX/aSaToeG7w48nMwA6049Y4J4+VbWALAuXcs+qcD04rHDuSCSRKdmY63sruDS5qag==}
    engines: {node: '>=18'}
    cpu: [arm64]
    os: [openharmony]

  '@esbuild/sunos-x64@0.27.2':
    resolution: {integrity: sha512-kMtx1yqJHTmqaqHPAzKCAkDaKsffmXkPHThSfRwZGyuqyIeBvf08KSsYXl+abf5HDAPMJIPnbBfXvP2ZC2TfHg==}
    engines: {node: '>=18'}
    cpu: [x64]
    os: [sunos]

  '@esbuild/win32-arm64@0.27.2':
    resolution: {integrity: sha512-Yaf78O/B3Kkh+nKABUF++bvJv5Ijoy9AN1ww904rOXZFLWVc5OLOfL56W+C8F9xn5JQZa3UX6m+IktJnIb1Jjg==}
    engines: {node: '>=18'}
    cpu: [arm64]
    os: [win32]

  '@esbuild/win32-ia32@0.27.2':
    resolution: {integrity: sha512-Iuws0kxo4yusk7sw70Xa2E2imZU5HoixzxfGCdxwBdhiDgt9vX9VUCBhqcwY7/uh//78A1hMkkROMJq9l27oLQ==}
    engines: {node: '>=18'}
    cpu: [ia32]
    os: [win32]

  '@esbuild/win32-x64@0.27.2':
    resolution: {integrity: sha512-sRdU18mcKf7F+YgheI/zGf5alZatMUTKj/jNS6l744f9u3WFu4v7twcUI9vu4mknF4Y9aDlblIie0IM+5xxaqQ==}
    engines: {node: '>=18'}
    cpu: [x64]
    os: [win32]

  '@nodelib/fs.scandir@2.1.5':
    resolution: {integrity: sha512-vq24Bq3ym5HEQm2NKCr3yXDwjc7vTsEThRDnkp2DK9p1uqLR+DHurm/NOTo0KG7HYHU7eppKZj3MyqYuMBf62g==}
    engines: {node: '>= 8'}

  '@nodelib/fs.stat@2.0.5':
    resolution: {integrity: sha512-RkhPPp2zrqDAQA/2jNhnztcPAlv64XdhIp7a7454A5ovI7Bukxgt7MX7udwAu3zg1DcpPU0rz3VV1SeaqvY4+A==}
    engines: {node: '>= 8'}

  '@nodelib/fs.walk@1.2.8':
    resolution: {integrity: sha512-oGB+UxlgWcgQkgwo8GcEGwemoTFt3FIO9ababBmaGwXIoBKZ+GTy0pP185beGg7Llih/NSHSV2XAs1lnznocSg==}
    engines: {node: '>= 8'}

  '@rollup/rollup-android-arm-eabi@4.55.2':
    resolution: {integrity: sha512-21J6xzayjy3O6NdnlO6aXi/urvSRjm6nCI6+nF6ra2YofKruGixN9kfT+dt55HVNwfDmpDHJcaS3JuP/boNnlA==}
    cpu: [arm]
    os: [android]

  '@rollup/rollup-android-arm64@4.55.2':
    resolution: {integrity: sha512-eXBg7ibkNUZ+sTwbFiDKou0BAckeV6kIigK7y5Ko4mB/5A1KLhuzEKovsmfvsL8mQorkoincMFGnQuIT92SKqA==}
    cpu: [arm64]
    os: [android]

  '@rollup/rollup-darwin-arm64@4.55.2':
    resolution: {integrity: sha512-UCbaTklREjrc5U47ypLulAgg4njaqfOVLU18VrCrI+6E5MQjuG0lSWaqLlAJwsD7NpFV249XgB0Bi37Zh5Sz4g==}
    cpu: [arm64]
    os: [darwin]

  '@rollup/rollup-darwin-x64@4.55.2':
    resolution: {integrity: sha512-dP67MA0cCMHFT2g5XyjtpVOtp7y4UyUxN3dhLdt11at5cPKnSm4lY+EhwNvDXIMzAMIo2KU+mc9wxaAQJTn7sQ==}
    cpu: [x64]
    os: [darwin]

  '@rollup/rollup-freebsd-arm64@4.55.2':
    resolution: {integrity: sha512-WDUPLUwfYV9G1yxNRJdXcvISW15mpvod1Wv3ok+Ws93w1HjIVmCIFxsG2DquO+3usMNCpJQ0wqO+3GhFdl6Fow==}
    cpu: [arm64]
    os: [freebsd]

  '@rollup/rollup-freebsd-x64@4.55.2':
    resolution: {integrity: sha512-Ng95wtHVEulRwn7R0tMrlUuiLVL/HXA8Lt/MYVpy88+s5ikpntzZba1qEulTuPnPIZuOPcW9wNEiqvZxZmgmqQ==}
    cpu: [x64]
    os: [freebsd]

  '@rollup/rollup-linux-arm-gnueabihf@4.55.2':
    resolution: {integrity: sha512-AEXMESUDWWGqD6LwO/HkqCZgUE1VCJ1OhbvYGsfqX2Y6w5quSXuyoy/Fg3nRqiwro+cJYFxiw5v4kB2ZDLhxrw==}
    cpu: [arm]
    os: [linux]

  '@rollup/rollup-linux-arm-musleabihf@4.55.2':
    resolution: {integrity: sha512-ZV7EljjBDwBBBSv570VWj0hiNTdHt9uGznDtznBB4Caj3ch5rgD4I2K1GQrtbvJ/QiB+663lLgOdcADMNVC29Q==}
    cpu: [arm]
    os: [linux]

  '@rollup/rollup-linux-arm64-gnu@4.55.2':
    resolution: {integrity: sha512-uvjwc8NtQVPAJtq4Tt7Q49FOodjfbf6NpqXyW/rjXoV+iZ3EJAHLNAnKT5UJBc6ffQVgmXTUL2ifYiLABlGFqA==}
    cpu: [arm64]
    os: [linux]

  '@rollup/rollup-linux-arm64-musl@4.55.2':
    resolution: {integrity: sha512-s3KoWVNnye9mm/2WpOZ3JeUiediUVw6AvY/H7jNA6qgKA2V2aM25lMkVarTDfiicn/DLq3O0a81jncXszoyCFA==}
    cpu: [arm64]
    os: [linux]

  '@rollup/rollup-linux-loong64-gnu@4.55.2':
    resolution: {integrity: sha512-gi21faacK+J8aVSyAUptML9VQN26JRxe484IbF+h3hpG+sNVoMXPduhREz2CcYr5my0NE3MjVvQ5bMKX71pfVA==}
    cpu: [loong64]
    os: [linux]

  '@rollup/rollup-linux-loong64-musl@4.55.2':
    resolution: {integrity: sha512-qSlWiXnVaS/ceqXNfnoFZh4IiCA0EwvCivivTGbEu1qv2o+WTHpn1zNmCTAoOG5QaVr2/yhCoLScQtc/7RxshA==}
    cpu: [loong64]
    os: [linux]

  '@rollup/rollup-linux-ppc64-gnu@4.55.2':
    resolution: {integrity: sha512-rPyuLFNoF1B0+wolH277E780NUKf+KoEDb3OyoLbAO18BbeKi++YN6gC/zuJoPPDlQRL3fIxHxCxVEWiem2yXw==}
    cpu: [ppc64]
    os: [linux]

  '@rollup/rollup-linux-ppc64-musl@4.55.2':
    resolution: {integrity: sha512-g+0ZLMook31iWV4PvqKU0i9E78gaZgYpSrYPed/4Bu+nGTgfOPtfs1h11tSSRPXSjC5EzLTjV/1A7L2Vr8pJoQ==}
    cpu: [ppc64]
    os: [linux]

  '@rollup/rollup-linux-riscv64-gnu@4.55.2':
    resolution: {integrity: sha512-i+sGeRGsjKZcQRh3BRfpLsM3LX3bi4AoEVqmGDyc50L6KfYsN45wVCSz70iQMwPWr3E5opSiLOwsC9WB4/1pqg==}
    cpu: [riscv64]
    os: [linux]

  '@rollup/rollup-linux-riscv64-musl@4.55.2':
    resolution: {integrity: sha512-C1vLcKc4MfFV6I0aWsC7B2Y9QcsiEcvKkfxprwkPfLaN8hQf0/fKHwSF2lcYzA9g4imqnhic729VB9Fo70HO3Q==}
    cpu: [riscv64]
    os: [linux]

  '@rollup/rollup-linux-s390x-gnu@4.55.2':
    resolution: {integrity: sha512-68gHUK/howpQjh7g7hlD9DvTTt4sNLp1Bb+Yzw2Ki0xvscm2cOdCLZNJNhd2jW8lsTPrHAHuF751BygifW4bkQ==}
    cpu: [s390x]
    os: [linux]

  '@rollup/rollup-linux-x64-gnu@4.55.2':
    resolution: {integrity: sha512-1e30XAuaBP1MAizaOBApsgeGZge2/Byd6wV4a8oa6jPdHELbRHBiw7wvo4dp7Ie2PE8TZT4pj9RLGZv9N4qwlw==}
    cpu: [x64]
    os: [linux]

  '@rollup/rollup-linux-x64-musl@4.55.2':
    resolution: {integrity: sha512-4BJucJBGbuGnH6q7kpPqGJGzZnYrpAzRd60HQSt3OpX/6/YVgSsJnNzR8Ot74io50SeVT4CtCWe/RYIAymFPwA==}
    cpu: [x64]
    os: [linux]

  '@rollup/rollup-openbsd-x64@4.55.2':
    resolution: {integrity: sha512-cT2MmXySMo58ENv8p6/O6wI/h/gLnD3D6JoajwXFZH6X9jz4hARqUhWpGuQhOgLNXscfZYRQMJvZDtWNzMAIDw==}
    cpu: [x64]
    os: [openbsd]

  '@rollup/rollup-openharmony-arm64@4.55.2':
    resolution: {integrity: sha512-sZnyUgGkuzIXaK3jNMPmUIyJrxu/PjmATQrocpGA1WbCPX8H5tfGgRSuYtqBYAvLuIGp8SPRb1O4d1Fkb5fXaQ==}
    cpu: [arm64]
    os: [openharmony]

  '@rollup/rollup-win32-arm64-msvc@4.55.2':
    resolution: {integrity: sha512-sDpFbenhmWjNcEbBcoTV0PWvW5rPJFvu+P7XoTY0YLGRupgLbFY0XPfwIbJOObzO7QgkRDANh65RjhPmgSaAjQ==}
    cpu: [arm64]
    os: [win32]

  '@rollup/rollup-win32-ia32-msvc@4.55.2':
    resolution: {integrity: sha512-GvJ03TqqaweWCigtKQVBErw2bEhu1tyfNQbarwr94wCGnczA9HF8wqEe3U/Lfu6EdeNP0p6R+APeHVwEqVxpUQ==}
    cpu: [ia32]
    os: [win32]

  '@rollup/rollup-win32-x64-gnu@4.55.2':
    resolution: {integrity: sha512-KvXsBvp13oZz9JGe5NYS7FNizLe99Ny+W8ETsuCyjXiKdiGrcz2/J/N8qxZ/RSwivqjQguug07NLHqrIHrqfYw==}
    cpu: [x64]
    os: [win32]

  '@rollup/rollup-win32-x64-msvc@4.55.2':
    resolution: {integrity: sha512-xNO+fksQhsAckRtDSPWaMeT1uIM+JrDRXlerpnWNXhn1TdB3YZ6uKBMBTKP0eX9XtYEP978hHk1f8332i2AW8Q==}
    cpu: [x64]
    os: [win32]

  '@swc/helpers@0.5.18':
    resolution: {integrity: sha512-TXTnIcNJQEKwThMMqBXsZ4VGAza6bvN4pa41Rkqoio6QBKMvo+5lexeTMScGCIxtzgQJzElcvIltani+adC5PQ==}

  '@types/command-line-args@5.2.3':
    resolution: {integrity: sha512-uv0aG6R0Y8WHZLTamZwtfsDLVRnOa+n+n5rEvFWL5Na5gZ8V2Teab/duDPFzIIIhs9qizDpcavCusCLJZu62Kw==}

  '@types/command-line-usage@5.0.4':
    resolution: {integrity: sha512-BwR5KP3Es/CSht0xqBcUXS3qCAUVXwpRKsV2+arxeb65atasuXG9LykC9Ab10Cw3s2raH92ZqOeILaQbsB2ACg==}

  '@types/estree@1.0.8':
    resolution: {integrity: sha512-dWHzHa2WqEXI/O1E9OjrocMTKJl2mSrEolh1Iomrv6U+JuNwaHXsXx9bLu5gG7BUWFIN0skIQJQ/L1rIex4X6w==}

  '@types/node@20.19.30':
    resolution: {integrity: sha512-WJtwWJu7UdlvzEAUm484QNg5eAoq5QR08KDNx7g45Usrs2NtOPiX8ugDqmKdXkyL03rBqU5dYNYVQetEpBHq2g==}

  ansi-styles@4.3.0:
    resolution: {integrity: sha512-zbB9rCJAT1rbjiVDb2hqKFHNYLxgtk8NURxZ3IZwD3F6NtxbXZQCnnSi1Lkx+IDohdPlFp222wVALIheZJQSEg==}
    engines: {node: '>=8'}

  apache-arrow@17.0.0:
    resolution: {integrity: sha512-X0p7auzdnGuhYMVKYINdQssS4EcKec9TCXyez/qtJt32DrIMGbzqiaMiQ0X6fQlQpw8Fl0Qygcv4dfRAr5Gu9Q==}
    hasBin: true

  array-back@3.1.0:
    resolution: {integrity: sha512-TkuxA4UCOvxuDK6NZYXCalszEzj+TLszyASooky+i742l9TqsOdYCMJJupxRic61hwquNtppB3hgcuq9SVSH1Q==}
    engines: {node: '>=6'}

  array-back@6.2.2:
    resolution: {integrity: sha512-gUAZ7HPyb4SJczXAMUXMGAvI976JoK3qEx9v1FTmeYuJj0IBiaKttG1ydtGKdkfqWkIkouke7nG8ufGy77+Cvw==}
    engines: {node: '>=12.17'}

  array-union@2.1.0:
    resolution: {integrity: sha512-HGyxoOTYUyCM6stUe6EJgnd4EoewAI7zMdfqO+kGjnlZmBDz/cR5pf8r/cR4Wq60sL/p0IkcjUEEPwS3GFrIyw==}
    engines: {node: '>=8'}

  async@3.2.6:
    resolution: {integrity: sha512-htCUDlxyyCLMgaM3xXg0C0LW2xqfuQ6p05pCEIsXuyQ+a1koYKTuBMzRNwmybfLgvJDMd0r1LTn4+E0Ti6C2AA==}

  braces@3.0.3:
    resolution: {integrity: sha512-yQbXgO/OSZVD2IsiLlro+7Hf6Q18EJrKSEsdoMzKePKXct3gvD8oLcOQdIzGupr5Fj+EDe8gO/lxc1BzfMpxvA==}
    engines: {node: '>=8'}

  chalk-template@0.4.0:
    resolution: {integrity: sha512-/ghrgmhfY8RaSdeo43hNXxpoHAtxdbskUHjPpfqUWGttFgycUhYPGx3YZBCnUCvOa7Doivn1IZec3DEGFoMgLg==}
    engines: {node: '>=12'}

  chalk@4.1.2:
    resolution: {integrity: sha512-oKnbhFyRIXpUuez8iBMmyEa4nbj4IOQyuhc/wy9kY7/WVPcwIO9VA668Pu8RkO7+0G76SLROeyw9CpQ061i4mA==}
    engines: {node: '>=10'}

  color-convert@2.0.1:
    resolution: {integrity: sha512-RRECPsj7iu/xb5oKYcsFHSppFNnsj/52OVTRKb4zP5onXwVF3zVmmToNcOfGC+CRDpfK/U584fMg38ZHCaElKQ==}
    engines: {node: '>=7.0.0'}

  color-name@1.1.4:
    resolution: {integrity: sha512-dOy+3AuW3a2wNbZHIuMZpTcgjGuLU/uBL/ubcZF9OXbDo8ff4O8yVp5Bf0efS8uEoYo5q4Fx7dY9OgQGXgAsQA==}

  command-line-args@5.2.1:
    resolution: {integrity: sha512-H4UfQhZyakIjC74I9d34fGYDwk3XpSr17QhEd0Q3I9Xq1CETHo4Hcuo87WyWHpAF1aSLjLRf5lD9ZGX2qStUvg==}
    engines: {node: '>=4.0.0'}

  command-line-usage@7.0.3:
    resolution: {integrity: sha512-PqMLy5+YGwhMh1wS04mVG44oqDsgyLRSKJBdOo1bnYhMKBW65gZF1dRp2OZRhiTjgUHljy99qkO7bsctLaw35Q==}
    engines: {node: '>=12.20.0'}

  commander@13.1.0:
    resolution: {integrity: sha512-/rFeCpNJQbhSZjGVwO9RFV3xPqbnERS8MmIQzCtD/zl6gpJuV/bMLuN92oG3F7d8oDEHHRrujSXNUr8fpjntKw==}
    engines: {node: '>=18'}

  commondir@1.0.1:
    resolution: {integrity: sha512-W9pAhw0ja1Edb5GVdIF1mjZw/ASI0AlShXM83UUGe2DVr5TdAPEA1OA8m/g8zWp9x6On7gqufY+FatDbC3MDQg==}

  dir-glob@3.0.1:
    resolution: {integrity: sha512-WkrWp9GR4KXfKGYzOLmTuGVi1UWFfws377n9cc55/tb6DuqyF6pcQ5AbiHEshaDpY9v6oaSr2XCDidGmMwdzIA==}
    engines: {node: '>=8'}

  email-addresses@5.0.0:
    resolution: {integrity: sha512-4OIPYlA6JXqtVn8zpHpGiI7vE6EQOAg16aGnDMIAlZVinnoZ8208tW1hAbjWydgN/4PLTT9q+O1K6AH/vALJGw==}

  esbuild@0.27.2:
    resolution: {integrity: sha512-HyNQImnsOC7X9PMNaCIeAm4ISCQXs5a5YasTXVliKv4uuBo1dKrG0A+uQS8M5eXjVMnLg3WgXaKvprHlFJQffw==}
    engines: {node: '>=18'}
    hasBin: true

  escape-string-regexp@1.0.5:
    resolution: {integrity: sha512-vbRorB5FUQWvla16U8R/qgaFIya2qGzwDrNmCZuYKrbdSUMG6I1ZCGQRefkRVhuOkIGVne7BQ35DSfo1qvJqFg==}
    engines: {node: '>=0.8.0'}

  fast-glob@3.3.3:
    resolution: {integrity: sha512-7MptL8U0cqcFdzIzwOTHoilX9x5BrNqye7Z/LuC7kCMRio1EMSyqRK3BEAUD7sXRq4iT4AzTVuZdhgQ2TCvYLg==}
    engines: {node: '>=8.6.0'}

  fastq@1.20.1:
    resolution: {integrity: sha512-GGToxJ/w1x32s/D2EKND7kTil4n8OVk/9mycTc4VDza13lOvpUZTGX3mFSCtV9ksdGBVzvsyAVLM6mHFThxXxw==}

  fdir@6.5.0:
    resolution: {integrity: sha512-tIbYtZbucOs0BRGqPJkshJUYdL+SDH7dVM8gjy+ERp3WAUjLEFJE+02kanyHtwjWOnwrKYBiwAmM0p4kLJAnXg==}
    engines: {node: '>=12.0.0'}
    peerDependencies:
      picomatch: ^3 || ^4
    peerDependenciesMeta:
      picomatch:
        optional: true

  filename-reserved-regex@2.0.0:
    resolution: {integrity: sha512-lc1bnsSr4L4Bdif8Xb/qrtokGbq5zlsms/CYH8PP+WtCkGNF65DPiQY8vG3SakEdRn8Dlnm+gW/qWKKjS5sZzQ==}
    engines: {node: '>=4'}

  filenamify@4.3.0:
    resolution: {integrity: sha512-hcFKyUG57yWGAzu1CMt/dPzYZuv+jAJUT85bL8mrXvNe6hWj6yEHEc4EdcgiA6Z3oi1/9wXJdZPXF2dZNgwgOg==}
    engines: {node: '>=8'}

  fill-range@7.1.1:
    resolution: {integrity: sha512-YsGpe3WHLK8ZYi4tWDg2Jy3ebRz2rXowDxnld4bkQB00cc/1Zw9AWnC0i9ztDJitivtQvaI9KaLyKrc+hBW0yg==}
    engines: {node: '>=8'}

  find-cache-dir@3.3.2:
    resolution: {integrity: sha512-wXZV5emFEjrridIgED11OoUKLxiYjAcqot/NJdAkOhlJ+vGzwhOAfcG5OX1jP+S0PcjEn8bdMJv+g2jwQ3Onig==}
    engines: {node: '>=8'}

  find-replace@3.0.0:
    resolution: {integrity: sha512-6Tb2myMioCAgv5kfvP5/PkZZ/ntTpVK39fHY7WkWBgvbeE+VHd/tZuZ4mrC+bxh4cfOZeYKVPaJIZtZXV7GNCQ==}
    engines: {node: '>=4.0.0'}

  find-up@4.1.0:
    resolution: {integrity: sha512-PpOwAdQ/YlXQ2vj8a3h8IipDuYRi3wceVQQGYWxNINccq40Anw7BlsEXCMbt1Zt+OLA6Fq9suIpIWD0OsnISlw==}
    engines: {node: '>=8'}

  flatbuffers@24.12.23:
    resolution: {integrity: sha512-dLVCAISd5mhls514keQzmEG6QHmUUsNuWsb4tFafIUwvvgDjXhtfAYSKOzt5SWOy+qByV5pbsDZ+Vb7HUOBEdA==}

  fs-extra@11.3.3:
    resolution: {integrity: sha512-VWSRii4t0AFm6ixFFmLLx1t7wS1gh+ckoa84aOeapGum0h+EZd1EhEumSB+ZdDLnEPuucsVB9oB7cxJHap6Afg==}
    engines: {node: '>=14.14'}

  fsevents@2.3.3:
    resolution: {integrity: sha512-5xoDfX+fL7faATnagmWPpbFtwh/R77WmMMqqHGS65C3vvB0YHrgF+B1YmZ3441tMj5n63k0212XNoJwzlhffQw==}
    engines: {node: ^8.16.0 || ^10.6.0 || >=11.0.0}
    os: [darwin]

  gh-pages@6.3.0:
    resolution: {integrity: sha512-Ot5lU6jK0Eb+sszG8pciXdjMXdBJ5wODvgjR+imihTqsUWF2K6dJ9HST55lgqcs8wWcw6o6wAsUzfcYRhJPXbA==}
    engines: {node: '>=10'}
    hasBin: true

  glob-parent@5.1.2:
    resolution: {integrity: sha512-AOIgSQCepiJYwP3ARnGx+5VnTu2HBYdzbGP45eLw1vr3zB3vZLeyed1sC9hnbcOc9/SrMyM5RPQrkGz4aS9Zow==}
    engines: {node: '>= 6'}

  globby@11.1.0:
    resolution: {integrity: sha512-jhIXaOzy1sb8IyocaruWSn1TjmnBVs8Ayhcy83rmxNJ8q2uWKCAj3CnJY+KpGSXCueAPc0i05kVvVKtP1t9S3g==}
    engines: {node: '>=10'}

  graceful-fs@4.2.11:
    resolution: {integrity: sha512-RbJ5/jmFcNNCcDV5o9eTnBLJ/HszWV0P73bc+Ff4nS/rJj+YaS6IGyiOL0VoBYX+l1Wrl3k63h/KrH+nhJ0XvQ==}

  has-flag@4.0.0:
    resolution: {integrity: sha512-EykJT/Q1KjTWctppgIAgfSO0tKVuZUjhgMr17kqTumMl6Afv3EISleU7qZUzoXDFTAHTDC4NOoG/ZxU3EvlMPQ==}
    engines: {node: '>=8'}

  ignore@5.3.2:
    resolution: {integrity: sha512-hsBTNUqQTDwkWtcdYI2i06Y/nUBEsNEDJKjWdigLvegy8kDuJAS8uRlpkkcQpyEXL0Z/pjDy5HBmMjRCJ2gq+g==}
    engines: {node: '>= 4'}

  is-extglob@2.1.1:
    resolution: {integrity: sha512-SbKbANkN603Vi4jEZv49LeVJMn4yGwsbzZworEoyEiutsN3nJYdbO36zfhGJ6QEDpOZIFkDtnq5JRxmvl3jsoQ==}
    engines: {node: '>=0.10.0'}

  is-glob@4.0.3:
    resolution: {integrity: sha512-xelSayHH36ZgE7ZWhli7pW34hNbNl8Ojv5KVmkJD4hBdD3th8Tfk9vYasLM+mXWOZhFkgZfxhLSnrwRr4elSSg==}
    engines: {node: '>=0.10.0'}

  is-number@7.0.0:
    resolution: {integrity: sha512-41Cifkg6e8TylSpdtTpeLVMqvSBEVzTttHvERD741+pnZ8ANv0004MRL43QKPDlK9cGvNp6NZWZUBlbGXYxxng==}
    engines: {node: '>=0.12.0'}

  json-bignum@0.0.3:
    resolution: {integrity: sha512-2WHyXj3OfHSgNyuzDbSxI1w2jgw5gkWSWhS7Qg4bWXx1nLk3jnbwfUeS0PSba3IzpTUWdHxBieELUzXRjQB2zg==}
    engines: {node: '>=0.8'}

  jsonfile@6.2.0:
    resolution: {integrity: sha512-FGuPw30AdOIUTRMC2OMRtQV+jkVj2cfPqSeWXv1NEAJ1qZ5zb1X6z1mFhbfOB/iy3ssJCD+3KuZ8r8C3uVFlAg==}

  locate-path@5.0.0:
    resolution: {integrity: sha512-t7hw9pI+WvuwNJXwk5zVHpyhIqzg2qTlklJOf0mVxGSbe3Fp2VieZcduNYjaLDoy6p9uGpQEGWG87WpMKlNq8g==}
    engines: {node: '>=8'}

  lodash.camelcase@4.3.0:
    resolution: {integrity: sha512-TwuEnCnxbc3rAvhf/LbG7tJUDzhqXyFnv3dtzLOPgCG/hODL7WFnsbwktkD7yUV0RrreP/l1PALq/YSg6VvjlA==}

  make-dir@3.1.0:
    resolution: {integrity: sha512-g3FeP20LNwhALb/6Cz6Dd4F2ngze0jz7tbzrD2wAV+o9FeNHe4rL+yK2md0J/fiSf1sa1ADhXqi5+oVwOM/eGw==}
    engines: {node: '>=8'}

  merge2@1.4.1:
    resolution: {integrity: sha512-8q7VEgMJW4J8tcfVPy8g09NcQwZdbwFEqhe/WZkoIzjn/3TGDwtOCYtXGxA3O8tPzpczCCDgv+P2P5y00ZJOOg==}
    engines: {node: '>= 8'}

  micromatch@4.0.8:
    resolution: {integrity: sha512-PXwfBhYu0hBCPw8Dn0E+WDYb7af3dSLVWKi3HGv84IdF4TyFoC0ysxFd0Goxw7nSv4T/PzEJQxsYsEiFCKo2BA==}
    engines: {node: '>=8.6'}

  nanoid@3.3.11:
    resolution: {integrity: sha512-N8SpfPUnUp1bK+PMYW8qSWdl9U+wwNWI4QKxOYDy9JAro3WMX7p2OeVRF9v+347pnakNevPmiHhNmZ2HbFA76w==}
    engines: {node: ^10 || ^12 || ^13.7 || ^14 || >=15.0.1}
    hasBin: true

  p-limit@2.3.0:
    resolution: {integrity: sha512-//88mFWSJx8lxCzwdAABTJL2MyWB12+eIY7MDL2SqLmAkeKU9qxRvWuSyTjm3FUmpBEMuFfckAIqEaVGUDxb6w==}
    engines: {node: '>=6'}

  p-locate@4.1.0:
    resolution: {integrity: sha512-R79ZZ/0wAxKGu3oYMlz8jy/kbhsNrS7SKZ7PxEHBgJ5+F2mtFW2fK2cOtBh1cHYkQsbzFV7I+EoRKe6Yt0oK7A==}
    engines: {node: '>=8'}

  p-try@2.2.0:
    resolution: {integrity: sha512-R4nPAVTAU0B9D35/Gk3uJf/7XYbQcyohSKdvAxIRSNghFl4e71hVoGnBNQz9cWaXxO2I10KTC+3jMdvvoKw6dQ==}
    engines: {node: '>=6'}

  path-exists@4.0.0:
    resolution: {integrity: sha512-ak9Qy5Q7jYb2Wwcey5Fpvg2KoAc/ZIhLSLOSBmRmygPsGwkVVt0fZa0qrtMz+m6tJTAHfZQ8FnmB4MG4LWy7/w==}
    engines: {node: '>=8'}

  path-type@4.0.0:
    resolution: {integrity: sha512-gDKb8aZMDeD/tZWs9P6+q0J9Mwkdl6xMV8TjnGP3qJVJ06bdMgkbBlLU8IdfOsIsFz2BW1rNVT3XuNEl8zPAvw==}
    engines: {node: '>=8'}

  picocolors@1.1.1:
    resolution: {integrity: sha512-xceH2snhtb5M9liqDsmEw56le376mTZkEX/jEb/RxNFyegNul7eNslCXP9FDj/Lcu0X8KEyMceP2ntpaHrDEVA==}

  picomatch@2.3.1:
    resolution: {integrity: sha512-JU3teHTNjmE2VCGFzuY8EXzCDVwEqB2a8fsIvwaStHhAWJEeVd1o1QD80CU6+ZdEXXSLbSsuLwJjkCBWqRQUVA==}
    engines: {node: '>=8.6'}

  picomatch@4.0.3:
    resolution: {integrity: sha512-5gTmgEY/sqK6gFXLIsQNH19lWb4ebPDLA4SdLP7dsWkIXHWlG66oPuVvXSGFPppYZz8ZDZq0dYYrbHfBCVUb1Q==}
    engines: {node: '>=12'}

  pkg-dir@4.2.0:
    resolution: {integrity: sha512-HRDzbaKjC+AOWVXxAU/x54COGeIv9eb+6CkDSQoNTt4XyWoIJvuPsXizxu/Fr23EiekbtZwmh1IcIG/l/a10GQ==}
    engines: {node: '>=8'}

  postcss@8.5.6:
    resolution: {integrity: sha512-3Ybi1tAuwAP9s0r1UQ2J4n5Y0G05bJkpUIO0/bI9MhwmD70S5aTWbXGBwxHrelT+XM1k6dM0pk+SwNkpTRN7Pg==}
    engines: {node: ^10 || ^12 || >=14}

  queue-microtask@1.2.3:
    resolution: {integrity: sha512-NuaNSa6flKT5JaSYQzJok04JzTL1CA6aGhv5rfLW3PgqA+M2ChpZQnAC8h8i4ZFkBS8X5RqkDBHA7r4hej3K9A==}

  reusify@1.1.0:
    resolution: {integrity: sha512-g6QUff04oZpHs0eG5p83rFLhHeV00ug/Yf9nZM6fLeUrPguBTkTQOdpAWWspMh55TZfVQDPaN3NQJfbVRAxdIw==}
    engines: {iojs: '>=1.0.0', node: '>=0.10.0'}

  rollup@4.55.2:
    resolution: {integrity: sha512-PggGy4dhwx5qaW+CKBilA/98Ql9keyfnb7lh4SR6shQ91QQQi1ORJ1v4UinkdP2i87OBs9AQFooQylcrrRfIcg==}
    engines: {node: '>=18.0.0', npm: '>=8.0.0'}
    hasBin: true

  run-parallel@1.2.0:
    resolution: {integrity: sha512-5l4VyZR86LZ/lDxZTR6jqL8AFE2S0IFLMP26AbjsLVADxHdhB/c0GUsH+y39UfCi3dzz8OlQuPmnaJOMoDHQBA==}

  semver@6.3.1:
    resolution: {integrity: sha512-BR7VvDCVHO+q2xBEWskxS6DJE1qRnb7DxzUrogb71CWoSficBxYsiAGd+Kl0mmq/MprG9yArRkyrQxTO6XjMzA==}
    hasBin: true

  slash@3.0.0:
    resolution: {integrity: sha512-g9Q1haeby36OSStwb4ntCGGGaKsaVSjQ68fBxoQcutl5fS1vuY18H3wSt3jFyFtrkx+Kz0V1G85A4MyAdDMi2Q==}
    engines: {node: '>=8'}

  source-map-js@1.2.1:
    resolution: {integrity: sha512-UXWMKhLOwVKb728IUtQPXxfYU+usdybtUrK/8uGE8CQMvrhOpwvzDBwj0QhSL7MQc7vIsISBG8VQ8+IDQxpfQA==}
    engines: {node: '>=0.10.0'}

  strip-outer@1.0.1:
    resolution: {integrity: sha512-k55yxKHwaXnpYGsOzg4Vl8+tDrWylxDEpknGjhTiZB8dFRU5rTo9CAzeycivxV3s+zlTKwrs6WxMxR95n26kwg==}
    engines: {node: '>=0.10.0'}

  supports-color@7.2.0:
    resolution: {integrity: sha512-qpCAvRl9stuOHveKsn7HncJRvv501qIacKzQlO/+Lwxc9+0q2wLyv4Dfvt80/DPn2pqOBsJdDiogXGR9+OvwRw==}
    engines: {node: '>=8'}

  table-layout@4.1.1:
    resolution: {integrity: sha512-iK5/YhZxq5GO5z8wb0bY1317uDF3Zjpha0QFFLA8/trAoiLbQD0HUbMesEaxyzUgDxi2QlcbM8IvqOlEjgoXBA==}
    engines: {node: '>=12.17'}

  tinyglobby@0.2.15:
    resolution: {integrity: sha512-j2Zq4NyQYG5XMST4cbs02Ak8iJUdxRM0XI5QyxXuZOzKOINmWurp3smXu3y5wDcJrptwpSjgXHzIQxR0omXljQ==}
    engines: {node: '>=12.0.0'}

  to-regex-range@5.0.1:
    resolution: {integrity: sha512-65P7iz6X5yEr1cwcgvQxbbIw7Uk3gOy5dIdtZ4rDveLqhrdJP+Li/Hx6tyK0NEb+2GCyneCMJiGqrADCSNk8sQ==}
    engines: {node: '>=8.0'}

  trim-repeated@1.0.0:
    resolution: {integrity: sha512-pkonvlKk8/ZuR0D5tLW8ljt5I8kmxp2XKymhepUeOdCEfKpZaktSArkLHZt76OB1ZvO9bssUsDty4SWhLvZpLg==}
    engines: {node: '>=0.10.0'}

  tslib@2.8.1:
    resolution: {integrity: sha512-oJFu94HQb+KVduSUQL7wnpmqnfmLsOA/nAh6b6EH0wCEoK0/mPeXU6c3wKDV83MkOuHPRHtSXKKU99IBazS/2w==}

  typical@4.0.0:
    resolution: {integrity: sha512-VAH4IvQ7BDFYglMd7BPRDfLgxZZX4O4TFcRDA6EN5X7erNJJq+McIEp8np9aVtxrCJ6qx4GTYVfOWNjcqwZgRw==}
    engines: {node: '>=8'}

  typical@7.3.0:
    resolution: {integrity: sha512-ya4mg/30vm+DOWfBg4YK3j2WD6TWtRkCbasOJr40CseYENzCUby/7rIvXA99JGsQHeNxLbnXdyLLxKSv3tauFw==}
    engines: {node: '>=12.17'}

  undici-types@6.21.0:
    resolution: {integrity: sha512-iwDZqg0QAGrg9Rav5H4n0M64c3mkR59cJ6wQp+7C4nI0gsmExaedaYLNO44eT4AtBBwjbTiGPMlt2Md0T9H9JQ==}

  universalify@2.0.1:
    resolution: {integrity: sha512-gptHNQghINnc/vTGIk0SOFGFNXw7JVrlRUtConJRlvaw6DuX0wO5Jeko9sWrMBhh+PsYAZ7oXAiOnf/UKogyiw==}
    engines: {node: '>= 10.0.0'}

  vite-plugin-moonbit@0.1.3:
    resolution: {integrity: sha512-s8j7g2tAABl3bXcn4BkxnIZNZ8So/f1j0a71tOrOnOsJe+oMtFdrqHPAfSk0l0TcU7a4NO6maqz5U6HhzY4HgQ==}
    peerDependencies:
      vite: '>=5.0.0'

  vite@7.3.1:
    resolution: {integrity: sha512-w+N7Hifpc3gRjZ63vYBXA56dvvRlNWRczTdmCBBa+CotUzAPf5b7YMdMR/8CQoeYE5LX3W4wj6RYTgonm1b9DA==}
    engines: {node: ^20.19.0 || >=22.12.0}
    hasBin: true
    peerDependencies:
      '@types/node': ^20.19.0 || >=22.12.0
      jiti: '>=1.21.0'
      less: ^4.0.0
      lightningcss: ^1.21.0
      sass: ^1.70.0
      sass-embedded: ^1.70.0
      stylus: '>=0.54.8'
      sugarss: ^5.0.0
      terser: ^5.16.0
      tsx: ^4.8.1
      yaml: ^2.4.2
    peerDependenciesMeta:
      '@types/node':
        optional: true
      jiti:
        optional: true
      less:
        optional: true
      lightningcss:
        optional: true
      sass:
        optional: true
      sass-embedded:
        optional: true
      stylus:
        optional: true
      sugarss:
        optional: true
      terser:
        optional: true
      tsx:
        optional: true
      yaml:
        optional: true

  wordwrapjs@5.1.1:
    resolution: {integrity: sha512-0yweIbkINJodk27gX9LBGMzyQdBDan3s/dEAiwBOj+Mf0PPyWL6/rikalkv8EeD0E8jm4o5RXEOrFTP3NXbhJg==}
    engines: {node: '>=12.17'}

snapshots:

  '@duckdb/duckdb-wasm@1.32.0':
    dependencies:
      apache-arrow: 17.0.0

  '@duckdb/node-api@1.4.3-r.3':
    dependencies:
      '@duckdb/node-bindings': 1.4.3-r.3

  '@duckdb/node-bindings-darwin-arm64@1.4.3-r.3':
    optional: true

  '@duckdb/node-bindings-darwin-x64@1.4.3-r.3':
    optional: true

  '@duckdb/node-bindings-linux-arm64@1.4.3-r.3':
    optional: true

  '@duckdb/node-bindings-linux-x64@1.4.3-r.3':
    optional: true

  '@duckdb/node-bindings-win32-x64@1.4.3-r.3':
    optional: true

  '@duckdb/node-bindings@1.4.3-r.3':
    optionalDependencies:
      '@duckdb/node-bindings-darwin-arm64': 1.4.3-r.3
      '@duckdb/node-bindings-darwin-x64': 1.4.3-r.3
      '@duckdb/node-bindings-linux-arm64': 1.4.3-r.3
      '@duckdb/node-bindings-linux-x64': 1.4.3-r.3
      '@duckdb/node-bindings-win32-x64': 1.4.3-r.3

  '@esbuild/aix-ppc64@0.27.2':
    optional: true

  '@esbuild/android-arm64@0.27.2':
    optional: true

  '@esbuild/android-arm@0.27.2':
    optional: true

  '@esbuild/android-x64@0.27.2':
    optional: true

  '@esbuild/darwin-arm64@0.27.2':
    optional: true

  '@esbuild/darwin-x64@0.27.2':
    optional: true

  '@esbuild/freebsd-arm64@0.27.2':
    optional: true

  '@esbuild/freebsd-x64@0.27.2':
    optional: true

  '@esbuild/linux-arm64@0.27.2':
    optional: true

  '@esbuild/linux-arm@0.27.2':
    optional: true

  '@esbuild/linux-ia32@0.27.2':
    optional: true

  '@esbuild/linux-loong64@0.27.2':
    optional: true

  '@esbuild/linux-mips64el@0.27.2':
    optional: true

  '@esbuild/linux-ppc64@0.27.2':
    optional: true

  '@esbuild/linux-riscv64@0.27.2':
    optional: true

  '@esbuild/linux-s390x@0.27.2':
    optional: true

  '@esbuild/linux-x64@0.27.2':
    optional: true

  '@esbuild/netbsd-arm64@0.27.2':
    optional: true

  '@esbuild/netbsd-x64@0.27.2':
    optional: true

  '@esbuild/openbsd-arm64@0.27.2':
    optional: true

  '@esbuild/openbsd-x64@0.27.2':
    optional: true

  '@esbuild/openharmony-arm64@0.27.2':
    optional: true

  '@esbuild/sunos-x64@0.27.2':
    optional: true

  '@esbuild/win32-arm64@0.27.2':
    optional: true

  '@esbuild/win32-ia32@0.27.2':
    optional: true

  '@esbuild/win32-x64@0.27.2':
    optional: true

  '@nodelib/fs.scandir@2.1.5':
    dependencies:
      '@nodelib/fs.stat': 2.0.5
      run-parallel: 1.2.0

  '@nodelib/fs.stat@2.0.5': {}

  '@nodelib/fs.walk@1.2.8':
    dependencies:
      '@nodelib/fs.scandir': 2.1.5
      fastq: 1.20.1

  '@rollup/rollup-android-arm-eabi@4.55.2':
    optional: true

  '@rollup/rollup-android-arm64@4.55.2':
    optional: true

  '@rollup/rollup-darwin-arm64@4.55.2':
    optional: true

  '@rollup/rollup-darwin-x64@4.55.2':
    optional: true

  '@rollup/rollup-freebsd-arm64@4.55.2':
    optional: true

  '@rollup/rollup-freebsd-x64@4.55.2':
    optional: true

  '@rollup/rollup-linux-arm-gnueabihf@4.55.2':
    optional: true

  '@rollup/rollup-linux-arm-musleabihf@4.55.2':
    optional: true

  '@rollup/rollup-linux-arm64-gnu@4.55.2':
    optional: true

  '@rollup/rollup-linux-arm64-musl@4.55.2':
    optional: true

  '@rollup/rollup-linux-loong64-gnu@4.55.2':
    optional: true

  '@rollup/rollup-linux-loong64-musl@4.55.2':
    optional: true

  '@rollup/rollup-linux-ppc64-gnu@4.55.2':
    optional: true

  '@rollup/rollup-linux-ppc64-musl@4.55.2':
    optional: true

  '@rollup/rollup-linux-riscv64-gnu@4.55.2':
    optional: true

  '@rollup/rollup-linux-riscv64-musl@4.55.2':
    optional: true

  '@rollup/rollup-linux-s390x-gnu@4.55.2':
    optional: true

  '@rollup/rollup-linux-x64-gnu@4.55.2':
    optional: true

  '@rollup/rollup-linux-x64-musl@4.55.2':
    optional: true

  '@rollup/rollup-openbsd-x64@4.55.2':
    optional: true

  '@rollup/rollup-openharmony-arm64@4.55.2':
    optional: true

  '@rollup/rollup-win32-arm64-msvc@4.55.2':
    optional: true

  '@rollup/rollup-win32-ia32-msvc@4.55.2':
    optional: true

  '@rollup/rollup-win32-x64-gnu@4.55.2':
    optional: true

  '@rollup/rollup-win32-x64-msvc@4.55.2':
    optional: true

  '@swc/helpers@0.5.18':
    dependencies:
      tslib: 2.8.1

  '@types/command-line-args@5.2.3': {}

  '@types/command-line-usage@5.0.4': {}

  '@types/estree@1.0.8': {}

  '@types/node@20.19.30':
    dependencies:
      undici-types: 6.21.0

  ansi-styles@4.3.0:
    dependencies:
      color-convert: 2.0.1

  apache-arrow@17.0.0:
    dependencies:
      '@swc/helpers': 0.5.18
      '@types/command-line-args': 5.2.3
      '@types/command-line-usage': 5.0.4
      '@types/node': 20.19.30
      command-line-args: 5.2.1
      command-line-usage: 7.0.3
      flatbuffers: 24.12.23
      json-bignum: 0.0.3
      tslib: 2.8.1

  array-back@3.1.0: {}

  array-back@6.2.2: {}

  array-union@2.1.0: {}

  async@3.2.6: {}

  braces@3.0.3:
    dependencies:
      fill-range: 7.1.1

  chalk-template@0.4.0:
    dependencies:
      chalk: 4.1.2

  chalk@4.1.2:
    dependencies:
      ansi-styles: 4.3.0
      supports-color: 7.2.0

  color-convert@2.0.1:
    dependencies:
      color-name: 1.1.4

  color-name@1.1.4: {}

  command-line-args@5.2.1:
    dependencies:
      array-back: 3.1.0
      find-replace: 3.0.0
      lodash.camelcase: 4.3.0
      typical: 4.0.0

  command-line-usage@7.0.3:
    dependencies:
      array-back: 6.2.2
      chalk-template: 0.4.0
      table-layout: 4.1.1
      typical: 7.3.0

  commander@13.1.0: {}

  commondir@1.0.1: {}

  dir-glob@3.0.1:
    dependencies:
      path-type: 4.0.0

  email-addresses@5.0.0: {}

  esbuild@0.27.2:
    optionalDependencies:
      '@esbuild/aix-ppc64': 0.27.2
      '@esbuild/android-arm': 0.27.2
      '@esbuild/android-arm64': 0.27.2
      '@esbuild/android-x64': 0.27.2
      '@esbuild/darwin-arm64': 0.27.2
      '@esbuild/darwin-x64': 0.27.2
      '@esbuild/freebsd-arm64': 0.27.2
      '@esbuild/freebsd-x64': 0.27.2
      '@esbuild/linux-arm': 0.27.2
      '@esbuild/linux-arm64': 0.27.2
      '@esbuild/linux-ia32': 0.27.2
      '@esbuild/linux-loong64': 0.27.2
      '@esbuild/linux-mips64el': 0.27.2
      '@esbuild/linux-ppc64': 0.27.2
      '@esbuild/linux-riscv64': 0.27.2
      '@esbuild/linux-s390x': 0.27.2
      '@esbuild/linux-x64': 0.27.2
      '@esbuild/netbsd-arm64': 0.27.2
      '@esbuild/netbsd-x64': 0.27.2
      '@esbuild/openbsd-arm64': 0.27.2
      '@esbuild/openbsd-x64': 0.27.2
      '@esbuild/openharmony-arm64': 0.27.2
      '@esbuild/sunos-x64': 0.27.2
      '@esbuild/win32-arm64': 0.27.2
      '@esbuild/win32-ia32': 0.27.2
      '@esbuild/win32-x64': 0.27.2

  escape-string-regexp@1.0.5: {}

  fast-glob@3.3.3:
    dependencies:
      '@nodelib/fs.stat': 2.0.5
      '@nodelib/fs.walk': 1.2.8
      glob-parent: 5.1.2
      merge2: 1.4.1
      micromatch: 4.0.8

  fastq@1.20.1:
    dependencies:
      reusify: 1.1.0

  fdir@6.5.0(picomatch@4.0.3):
    optionalDependencies:
      picomatch: 4.0.3

  filename-reserved-regex@2.0.0: {}

  filenamify@4.3.0:
    dependencies:
      filename-reserved-regex: 2.0.0
      strip-outer: 1.0.1
      trim-repeated: 1.0.0

  fill-range@7.1.1:
    dependencies:
      to-regex-range: 5.0.1

  find-cache-dir@3.3.2:
    dependencies:
      commondir: 1.0.1
      make-dir: 3.1.0
      pkg-dir: 4.2.0

  find-replace@3.0.0:
    dependencies:
      array-back: 3.1.0

  find-up@4.1.0:
    dependencies:
      locate-path: 5.0.0
      path-exists: 4.0.0

  flatbuffers@24.12.23: {}

  fs-extra@11.3.3:
    dependencies:
      graceful-fs: 4.2.11
      jsonfile: 6.2.0
      universalify: 2.0.1

  fsevents@2.3.3:
    optional: true

  gh-pages@6.3.0:
    dependencies:
      async: 3.2.6
      commander: 13.1.0
      email-addresses: 5.0.0
      filenamify: 4.3.0
      find-cache-dir: 3.3.2
      fs-extra: 11.3.3
      globby: 11.1.0

  glob-parent@5.1.2:
    dependencies:
      is-glob: 4.0.3

  globby@11.1.0:
    dependencies:
      array-union: 2.1.0
      dir-glob: 3.0.1
      fast-glob: 3.3.3
      ignore: 5.3.2
      merge2: 1.4.1
      slash: 3.0.0

  graceful-fs@4.2.11: {}

  has-flag@4.0.0: {}

  ignore@5.3.2: {}

  is-extglob@2.1.1: {}

  is-glob@4.0.3:
    dependencies:
      is-extglob: 2.1.1

  is-number@7.0.0: {}

  json-bignum@0.0.3: {}

  jsonfile@6.2.0:
    dependencies:
      universalify: 2.0.1
    optionalDependencies:
      graceful-fs: 4.2.11

  locate-path@5.0.0:
    dependencies:
      p-locate: 4.1.0

  lodash.camelcase@4.3.0: {}

  make-dir@3.1.0:
    dependencies:
      semver: 6.3.1

  merge2@1.4.1: {}

  micromatch@4.0.8:
    dependencies:
      braces: 3.0.3
      picomatch: 2.3.1

  nanoid@3.3.11: {}

  p-limit@2.3.0:
    dependencies:
      p-try: 2.2.0

  p-locate@4.1.0:
    dependencies:
      p-limit: 2.3.0

  p-try@2.2.0: {}

  path-exists@4.0.0: {}

  path-type@4.0.0: {}

  picocolors@1.1.1: {}

  picomatch@2.3.1: {}

  picomatch@4.0.3: {}

  pkg-dir@4.2.0:
    dependencies:
      find-up: 4.1.0

  postcss@8.5.6:
    dependencies:
      nanoid: 3.3.11
      picocolors: 1.1.1
      source-map-js: 1.2.1

  queue-microtask@1.2.3: {}

  reusify@1.1.0: {}

  rollup@4.55.2:
    dependencies:
      '@types/estree': 1.0.8
    optionalDependencies:
      '@rollup/rollup-android-arm-eabi': 4.55.2
      '@rollup/rollup-android-arm64': 4.55.2
      '@rollup/rollup-darwin-arm64': 4.55.2
      '@rollup/rollup-darwin-x64': 4.55.2
      '@rollup/rollup-freebsd-arm64': 4.55.2
      '@rollup/rollup-freebsd-x64': 4.55.2
      '@rollup/rollup-linux-arm-gnueabihf': 4.55.2
      '@rollup/rollup-linux-arm-musleabihf': 4.55.2
      '@rollup/rollup-linux-arm64-gnu': 4.55.2
      '@rollup/rollup-linux-arm64-musl': 4.55.2
      '@rollup/rollup-linux-loong64-gnu': 4.55.2
      '@rollup/rollup-linux-loong64-musl': 4.55.2
      '@rollup/rollup-linux-ppc64-gnu': 4.55.2
      '@rollup/rollup-linux-ppc64-musl': 4.55.2
      '@rollup/rollup-linux-riscv64-gnu': 4.55.2
      '@rollup/rollup-linux-riscv64-musl': 4.55.2
      '@rollup/rollup-linux-s390x-gnu': 4.55.2
      '@rollup/rollup-linux-x64-gnu': 4.55.2
      '@rollup/rollup-linux-x64-musl': 4.55.2
      '@rollup/rollup-openbsd-x64': 4.55.2
      '@rollup/rollup-openharmony-arm64': 4.55.2
      '@rollup/rollup-win32-arm64-msvc': 4.55.2
      '@rollup/rollup-win32-ia32-msvc': 4.55.2
      '@rollup/rollup-win32-x64-gnu': 4.55.2
      '@rollup/rollup-win32-x64-msvc': 4.55.2
      fsevents: 2.3.3

  run-parallel@1.2.0:
    dependencies:
      queue-microtask: 1.2.3

  semver@6.3.1: {}

  slash@3.0.0: {}

  source-map-js@1.2.1: {}

  strip-outer@1.0.1:
    dependencies:
      escape-string-regexp: 1.0.5

  supports-color@7.2.0:
    dependencies:
      has-flag: 4.0.0

  table-layout@4.1.1:
    dependencies:
      array-back: 6.2.2
      wordwrapjs: 5.1.1

  tinyglobby@0.2.15:
    dependencies:
      fdir: 6.5.0(picomatch@4.0.3)
      picomatch: 4.0.3

  to-regex-range@5.0.1:
    dependencies:
      is-number: 7.0.0

  trim-repeated@1.0.0:
    dependencies:
      escape-string-regexp: 1.0.5

  tslib@2.8.1: {}

  typical@4.0.0: {}

  typical@7.3.0: {}

  undici-types@6.21.0: {}

  universalify@2.0.1: {}

  vite-plugin-moonbit@0.1.3(vite@7.3.1(@types/node@20.19.30)):
    dependencies:
      vite: 7.3.1(@types/node@20.19.30)

  vite@7.3.1(@types/node@20.19.30):
    dependencies:
      esbuild: 0.27.2
      fdir: 6.5.0(picomatch@4.0.3)
      picomatch: 4.0.3
      postcss: 8.5.6
      rollup: 4.55.2
      tinyglobby: 0.2.15
    optionalDependencies:
      '@types/node': 20.19.30
      fsevents: 2.3.3

  wordwrapjs@5.1.1: {}
